
Microsoft Visual Studio Solution File, Format Version 12.00
# Visual Studio 2013
VisualStudioVersion = 12.0.30723.0
MinimumVisualStudioVersion = 10.0.40219.1
Project("{FAE04EC0-301F-11D3-BF4B-00C04F79EFBC}") = "PayStation", "PayStation\PayStation.csproj", "{C234D100-BD4B-4A4F-9C90-ED64F5FB9600}"
EndProject
Project("{FAE04EC0-301F-11D3-BF4B-00C04F79EFBC}") = "Breakthrough", "Breakthrough\Breakthrough.csproj", "{23DE9F2C-EA72-4AA9-A392-7E8FB9242311}"
EndProject
Project("{FAE04EC0-301F-11D3-BF4B-00C04F79EFBC}") = "Alarm", "Alarm\Alarm.csproj", "{D5C3C1C8-1D10-4C90-AE2D-7733FC15A680}"
EndProject
Project("{FAE04EC0-301F-11D3-BF4B-00C04F79EFBC}") = "Builder", "Builder\Builder.csproj", "{C806A66D-E05B-458A-A10B-4C8951FD7399}"
EndProject
Project("{FAE04EC0-301F-11D3-BF4B-00C04F79EFBC}") = "Command", "Command\Command.csproj", "{4ABF99B1-8E75-4EAF-AAED-CEFF5EE2A27F}"
EndProject
Project("{FAE04EC0-301F-11D3-BF4B-00C04F79EFBC}") = "Chess", "Chess\Chess.csproj", "{745A74A2-BC8F-445A-AE73-6574271BB83F}"
EndProject
Project("{FAE04EC0-301F-11D3-BF4B-00C04F79EFBC}") = "Proxy", "Proxy\Proxy.csproj", "{E207AB29-6674-47F3-98F1-2BE19683574B}"
EndProject
Project("{FAE04EC0-301F-11D3-BF4B-00C04F79EFBC}") = "Composite", "Composite\Composite.csproj", "{0ADA7408-2BC2-4AA4-8266-68E99E4D04CA}"
EndProject
Global
	GlobalSection(SolutionConfigurationPlatforms) = preSolution
		Debug|Any CPU = Debug|Any CPU
		Release|Any CPU = Release|Any CPU
	EndGlobalSection
	GlobalSection(ProjectConfigurationPlatforms) = postSolution
		{C234D100-BD4B-4A4F-9C90-ED64F5FB9600}.Debug|Any CPU.ActiveCfg = Debug|Any CPU
		{C234D100-BD4B-4A4F-9C90-ED64F5FB9600}.Debug|Any CPU.Build.0 = Debug|Any CPU
		{C234D100-BD4B-4A4F-9C90-ED64F5FB9600}.Release|Any CPU.ActiveCfg = Release|Any CPU
		{C234D100-BD4B-4A4F-9C90-ED64F5FB9600}.Release|Any CPU.Build.0 = Release|Any CPU
		{23DE9F2C-EA72-4AA9-A392-7E8FB9242311}.Debug|Any CPU.ActiveCfg = Debug|Any CPU
		{23DE9F2C-EA72-4AA9-A392-7E8FB9242311}.Debug|Any CPU.Build.0 = Debug|Any CPU
		{23DE9F2C-EA72-4AA9-A392-7E8FB9242311}.Release|Any CPU.ActiveCfg = Release|Any CPU
		{23DE9F2C-EA72-4AA9-A392-7E8FB9242311}.Release|Any CPU.Build.0 = Release|Any CPU
		{D5C3C1C8-1D10-4C90-AE2D-7733FC15A680}.Debug|Any CPU.ActiveCfg = Debug|Any CPU
		{D5C3C1C8-1D10-4C90-AE2D-7733FC15A680}.Debug|Any CPU.Build.0 = Debug|Any CPU
		{D5C3C1C8-1D10-4C90-AE2D-7733FC15A680}.Release|Any CPU.ActiveCfg = Release|Any CPU
		{D5C3C1C8-1D10-4C90-AE2D-7733FC15A680}.Release|Any CPU.Build.0 = Release|Any CPU
		{C806A66D-E05B-458A-A10B-4C8951FD7399}.Debug|Any CPU.ActiveCfg = Debug|Any CPU
		{C806A66D-E05B-458A-A10B-4C8951FD7399}.Debug|Any CPU.Build.0 = Debug|Any CPU
		{C806A66D-E05B-458A-A10B-4C8951FD7399}.Release|Any CPU.ActiveCfg = Release|Any CPU
		{C806A66D-E05B-458A-A10B-4C8951FD7399}.Release|Any CPU.Build.0 = Release|Any CPU
		{4ABF99B1-8E75-4EAF-AAED-CEFF5EE2A27F}.Debug|Any CPU.ActiveCfg = Debug|Any CPU
		{4ABF99B1-8E75-4EAF-AAED-CEFF5EE2A27F}.Debug|Any CPU.Build.0 = Debug|Any CPU
		{4ABF99B1-8E75-4EAF-AAED-CEFF5EE2A27F}.Release|Any CPU.ActiveCfg = Release|Any CPU
		{4ABF99B1-8E75-4EAF-AAED-CEFF5EE2A27F}.Release|Any CPU.Build.0 = Release|Any CPU
		{745A74A2-BC8F-445A-AE73-6574271BB83F}.Debug|Any CPU.ActiveCfg = Debug|Any CPU
		{745A74A2-BC8F-445A-AE73-6574271BB83F}.Debug|Any CPU.Build.0 = Debug|Any CPU
		{745A74A2-BC8F-445A-AE73-6574271BB83F}.Release|Any CPU.ActiveCfg = Release|Any CPU
		{745A74A2-BC8F-445A-AE73-6574271BB83F}.Release|Any CPU.Build.0 = Release|Any CPU
		{E207AB29-6674-47F3-98F1-2BE19683574B}.Debug|Any CPU.ActiveCfg = Debug|Any CPU
		{E207AB29-6674-47F3-98F1-2BE19683574B}.Debug|Any CPU.Build.0 = Debug|Any CPU
		{E207AB29-6674-47F3-98F1-2BE19683574B}.Release|Any CPU.ActiveCfg = Release|Any CPU
		{E207AB29-6674-47F3-98F1-2BE19683574B}.Release|Any CPU.Build.0 = Release|Any CPU
		{0ADA7408-2BC2-4AA4-8266-68E99E4D04CA}.Debug|Any CPU.ActiveCfg = Debug|Any CPU
		{0ADA7408-2BC2-4AA4-8266-68E99E4D04CA}.Debug|Any CPU.Build.0 = Debug|Any CPU
		{0ADA7408-2BC2-4AA4-8266-68E99E4D04CA}.Release|Any CPU.ActiveCfg = Release|Any CPU
		{0ADA7408-2BC2-4AA4-8266-68E99E4D04CA}.Release|Any CPU.Build.0 = Release|Any CPU
	EndGlobalSection
	GlobalSection(SolutionProperties) = preSolution
		HideSolutionNode = FALSE
	EndGlobalSection
EndGlobal
